
Microsoft Visual Studio Solution File, Format Version 12.00
# Visual Studio 15
VisualStudioVersion = 15.0.28307.136
MinimumVisualStudioVersion = 10.0.40219.1
Project("{FAE04EC0-301F-11D3-BF4B-00C04F79EFBC}") = "WilfredGreeter", "WilfredGreeter\WilfredGreeter.csproj", "{770C6C35-29D3-460F-A68B-8A85D07E46B0}"
EndProject
Global
	GlobalSection(SolutionConfigurationPlatforms) = preSolution
		Debug|Any CPU = Debug|Any CPU
		Release|Any CPU = Release|Any CPU
	EndGlobalSection
	GlobalSection(ProjectConfigurationPlatforms) = postSolution
		{770C6C35-29D3-460F-A68B-8A85D07E46B0}.Debug|Any CPU.ActiveCfg = Debug|Any CPU
		{770C6C35-29D3-460F-A68B-8A85D07E46B0}.Debug|Any CPU.Build.0 = Debug|Any CPU
		{770C6C35-29D3-460F-A68B-8A85D07E46B0}.Release|Any CPU.ActiveCfg = Release|Any CPU
		{770C6C35-29D3-460F-A68B-8A85D07E46B0}.Release|Any CPU.Build.0 = Release|Any CPU
	EndGlobalSection
	GlobalSection(SolutionProperties) = preSolution
		HideSolutionNode = FALSE
	EndGlobalSection
	GlobalSection(ExtensibilityGlobals) = postSolution
		SolutionGuid = {DDC5A3EC-B95A-45B1-8EF3-886010DF0D64}
	EndGlobalSection
EndGlobal
